
Microsoft Visual Studio Solution File, Format Version 12.00
# Visual Studio Version 16
VisualStudioVersion = 16.0.29215.179
MinimumVisualStudioVersion = 10.0.40219.1
Project("{FAE04EC0-301F-11D3-BF4B-00C04F79EFBC}") = "ISMPaint", "ISMPaint\ISMPaint.csproj", "{4292FFC4-3B02-49D2-8C67-17E8CF3246E5}"
EndProject
Project("{FAE04EC0-301F-11D3-BF4B-00C04F79EFBC}") = "ShapesLIb", "..\OOPDraw\ShapesLIb\ShapesLIb.csproj", "{8948BEED-D56C-4DB3-ADA4-6A4663B3DB8C}"
EndProject
Global
	GlobalSection(SolutionConfigurationPlatforms) = preSolution
		Debug|Any CPU = Debug|Any CPU
		Release|Any CPU = Release|Any CPU
	EndGlobalSection
	GlobalSection(ProjectConfigurationPlatforms) = postSolution
		{4292FFC4-3B02-49D2-8C67-17E8CF3246E5}.Debug|Any CPU.ActiveCfg = Debug|Any CPU
		{4292FFC4-3B02-49D2-8C67-17E8CF3246E5}.Debug|Any CPU.Build.0 = Debug|Any CPU
		{4292FFC4-3B02-49D2-8C67-17E8CF3246E5}.Release|Any CPU.ActiveCfg = Release|Any CPU
		{4292FFC4-3B02-49D2-8C67-17E8CF3246E5}.Release|Any CPU.Build.0 = Release|Any CPU
		{8948BEED-D56C-4DB3-ADA4-6A4663B3DB8C}.Debug|Any CPU.ActiveCfg = Debug|Any CPU
		{8948BEED-D56C-4DB3-ADA4-6A4663B3DB8C}.Debug|Any CPU.Build.0 = Debug|Any CPU
		{8948BEED-D56C-4DB3-ADA4-6A4663B3DB8C}.Release|Any CPU.ActiveCfg = Release|Any CPU
		{8948BEED-D56C-4DB3-ADA4-6A4663B3DB8C}.Release|Any CPU.Build.0 = Release|Any CPU
	EndGlobalSection
	GlobalSection(SolutionProperties) = preSolution
		HideSolutionNode = FALSE
	EndGlobalSection
	GlobalSection(ExtensibilityGlobals) = postSolution
		SolutionGuid = {8B662184-A7FE-4647-8D28-1637926DA299}
	EndGlobalSection
EndGlobal
