
Microsoft Visual Studio Solution File, Format Version 12.00
# Visual Studio Version 16
VisualStudioVersion = 16.0.29215.179
MinimumVisualStudioVersion = 10.0.40219.1
Project("{FAE04EC0-301F-11D3-BF4B-00C04F79EFBC}") = "OOPDraw1", "OOPDraw1\OOPDraw1.csproj", "{2B9A2A16-9583-487D-B1E4-831C157F9D8A}"
EndProject
Global
	GlobalSection(SolutionConfigurationPlatforms) = preSolution
		Debug|Any CPU = Debug|Any CPU
		Release|Any CPU = Release|Any CPU
	EndGlobalSection
	GlobalSection(ProjectConfigurationPlatforms) = postSolution
		{2B9A2A16-9583-487D-B1E4-831C157F9D8A}.Debug|Any CPU.ActiveCfg = Debug|Any CPU
		{2B9A2A16-9583-487D-B1E4-831C157F9D8A}.Debug|Any CPU.Build.0 = Debug|Any CPU
		{2B9A2A16-9583-487D-B1E4-831C157F9D8A}.Release|Any CPU.ActiveCfg = Release|Any CPU
		{2B9A2A16-9583-487D-B1E4-831C157F9D8A}.Release|Any CPU.Build.0 = Release|Any CPU
	EndGlobalSection
	GlobalSection(SolutionProperties) = preSolution
		HideSolutionNode = FALSE
	EndGlobalSection
	GlobalSection(ExtensibilityGlobals) = postSolution
		SolutionGuid = {43C51DE7-5947-4828-AE45-D19F276E01D6}
	EndGlobalSection
EndGlobal
